
Microsoft Visual Studio Solution File, Format Version 12.00
# Visual Studio Version 16
VisualStudioVersion = 16.0.28917.181
MinimumVisualStudioVersion = 10.0.40219.1
Project("{FAE04EC0-301F-11D3-BF4B-00C04F79EFBC}") = "Hublsoft", "Hublsoft.csproj", "{73527AA9-4B21-446D-A74A-DCE96441EDE3}"
EndProject
Project("{FAE04EC0-301F-11D3-BF4B-00C04F79EFBC}") = "LoginMetricsTest", "..\LoginMetricsTest\LoginMetricsTest.csproj", "{3F35BF7A-2536-415E-9F62-8FBC1D805F5E}"
EndProject
Project("{FAE04EC0-301F-11D3-BF4B-00C04F79EFBC}") = "LoginMetrics", "..\LoginMetrics\LoginMetrics.csproj", "{FA1CDFF3-D92E-4938-84FC-F5297005324B}"
EndProject
Project("{FAE04EC0-301F-11D3-BF4B-00C04F79EFBC}") = "LoginMetricsMockData", "..\LoginMetricsMockData\LoginMetricsMockData.csproj", "{393AD955-2ADB-4D08-8AF8-C4CFAB4927A3}"
EndProject
Project("{FAE04EC0-301F-11D3-BF4B-00C04F79EFBC}") = "LoginMetricsInterfaces", "..\LoginMetricsInterfaces\LoginMetricsInterfaces.csproj", "{32364D58-8214-4D54-BDB3-74909F52F8EB}"
EndProject
Global
	GlobalSection(SolutionConfigurationPlatforms) = preSolution
		Debug|Any CPU = Debug|Any CPU
		Release|Any CPU = Release|Any CPU
	EndGlobalSection
	GlobalSection(ProjectConfigurationPlatforms) = postSolution
		{73527AA9-4B21-446D-A74A-DCE96441EDE3}.Debug|Any CPU.ActiveCfg = Debug|Any CPU
		{73527AA9-4B21-446D-A74A-DCE96441EDE3}.Debug|Any CPU.Build.0 = Debug|Any CPU
		{73527AA9-4B21-446D-A74A-DCE96441EDE3}.Release|Any CPU.ActiveCfg = Release|Any CPU
		{73527AA9-4B21-446D-A74A-DCE96441EDE3}.Release|Any CPU.Build.0 = Release|Any CPU
		{3F35BF7A-2536-415E-9F62-8FBC1D805F5E}.Debug|Any CPU.ActiveCfg = Debug|Any CPU
		{3F35BF7A-2536-415E-9F62-8FBC1D805F5E}.Debug|Any CPU.Build.0 = Debug|Any CPU
		{3F35BF7A-2536-415E-9F62-8FBC1D805F5E}.Release|Any CPU.ActiveCfg = Release|Any CPU
		{3F35BF7A-2536-415E-9F62-8FBC1D805F5E}.Release|Any CPU.Build.0 = Release|Any CPU
		{FA1CDFF3-D92E-4938-84FC-F5297005324B}.Debug|Any CPU.ActiveCfg = Debug|Any CPU
		{FA1CDFF3-D92E-4938-84FC-F5297005324B}.Debug|Any CPU.Build.0 = Debug|Any CPU
		{FA1CDFF3-D92E-4938-84FC-F5297005324B}.Release|Any CPU.ActiveCfg = Release|Any CPU
		{FA1CDFF3-D92E-4938-84FC-F5297005324B}.Release|Any CPU.Build.0 = Release|Any CPU
		{393AD955-2ADB-4D08-8AF8-C4CFAB4927A3}.Debug|Any CPU.ActiveCfg = Debug|Any CPU
		{393AD955-2ADB-4D08-8AF8-C4CFAB4927A3}.Debug|Any CPU.Build.0 = Debug|Any CPU
		{393AD955-2ADB-4D08-8AF8-C4CFAB4927A3}.Release|Any CPU.ActiveCfg = Release|Any CPU
		{393AD955-2ADB-4D08-8AF8-C4CFAB4927A3}.Release|Any CPU.Build.0 = Release|Any CPU
		{32364D58-8214-4D54-BDB3-74909F52F8EB}.Debug|Any CPU.ActiveCfg = Debug|Any CPU
		{32364D58-8214-4D54-BDB3-74909F52F8EB}.Debug|Any CPU.Build.0 = Debug|Any CPU
		{32364D58-8214-4D54-BDB3-74909F52F8EB}.Release|Any CPU.ActiveCfg = Release|Any CPU
		{32364D58-8214-4D54-BDB3-74909F52F8EB}.Release|Any CPU.Build.0 = Release|Any CPU
	EndGlobalSection
	GlobalSection(SolutionProperties) = preSolution
		HideSolutionNode = FALSE
	EndGlobalSection
	GlobalSection(ExtensibilityGlobals) = postSolution
		SolutionGuid = {ACDCB315-C97E-4165-8C7A-33583C452928}
	EndGlobalSection
EndGlobal
